// !$*UTF8*$!
{
	archiveVersion = 1;
	classes = {
	};
	objectVersion = 46;
	objects = {

/* Begin PBXBuildFile section */
		201786251AFC4F9800BD6B30 /* main.m in Sources */ = {isa = PBXBuildFile; fileRef = 201786241AFC4F9800BD6B30 /* main.m */; };
		201786281AFC4F9800BD6B30 /* AppDelegate.m in Sources */ = {isa = PBXBuildFile; fileRef = 201786271AFC4F9800BD6B30 /* AppDelegate.m */; };
		2017862E1AFC4F9800BD6B30 /* Main.storyboard in Resources */ = {isa = PBXBuildFile; fileRef = 2017862C1AFC4F9800BD6B30 /* Main.storyboard */; };
		201786301AFC4F9800BD6B30 /* Images.xcassets in Resources */ = {isa = PBXBuildFile; fileRef = 2017862F1AFC4F9800BD6B30 /* Images.xcassets */; };
		201786331AFC4F9800BD6B30 /* LaunchScreen.xib in Resources */ = {isa = PBXBuildFile; fileRef = 201786311AFC4F9800BD6B30 /* LaunchScreen.xib */; };
		2017863F1AFC4F9800BD6B30 /* loadCalculatorTests.m in Sources */ = {isa = PBXBuildFile; fileRef = 2017863E1AFC4F9800BD6B30 /* loadCalculatorTests.m */; };
		2037879C1AFC56860048F745 /* MonthlyData.m in Sources */ = {isa = PBXBuildFile; fileRef = 2037879B1AFC56860048F745 /* MonthlyData.m */; };
		207732F11AFCEAE600F68C22 /* PNBar.m in Sources */ = {isa = PBXBuildFile; fileRef = 207732D41AFCEAE600F68C22 /* PNBar.m */; };
		207732F21AFCEAE600F68C22 /* PNBarChart.m in Sources */ = {isa = PBXBuildFile; fileRef = 207732D61AFCEAE600F68C22 /* PNBarChart.m */; };
		207732F31AFCEAE600F68C22 /* PNChartLabel.m in Sources */ = {isa = PBXBuildFile; fileRef = 207732DA1AFCEAE600F68C22 /* PNChartLabel.m */; };
		207732F41AFCEAE600F68C22 /* PNCircleChart.m in Sources */ = {isa = PBXBuildFile; fileRef = 207732DC1AFCEAE600F68C22 /* PNCircleChart.m */; };
		207732F51AFCEAE600F68C22 /* PNColor.m in Sources */ = {isa = PBXBuildFile; fileRef = 207732DE1AFCEAE600F68C22 /* PNColor.m */; };
		207732F61AFCEAE600F68C22 /* PNGenericChart.m in Sources */ = {isa = PBXBuildFile; fileRef = 207732E01AFCEAE600F68C22 /* PNGenericChart.m */; };
		207732F71AFCEAE600F68C22 /* PNLineChart.m in Sources */ = {isa = PBXBuildFile; fileRef = 207732E21AFCEAE600F68C22 /* PNLineChart.m */; };
		207732F81AFCEAE600F68C22 /* PNLineChartData.m in Sources */ = {isa = PBXBuildFile; fileRef = 207732E41AFCEAE600F68C22 /* PNLineChartData.m */; };
		207732F91AFCEAE600F68C22 /* PNLineChartDataItem.m in Sources */ = {isa = PBXBuildFile; fileRef = 207732E61AFCEAE600F68C22 /* PNLineChartDataItem.m */; };
		207732FA1AFCEAE600F68C22 /* PNPieChart.m in Sources */ = {isa = PBXBuildFile; fileRef = 207732E81AFCEAE600F68C22 /* PNPieChart.m */; };
		207732FB1AFCEAE600F68C22 /* PNPieChartDataItem.m in Sources */ = {isa = PBXBuildFile; fileRef = 207732EA1AFCEAE600F68C22 /* PNPieChartDataItem.m */; };
		207732FC1AFCEAE600F68C22 /* PNScatterChart.m in Sources */ = {isa = PBXBuildFile; fileRef = 207732EC1AFCEAE600F68C22 /* PNScatterChart.m */; };
		207732FD1AFCEAE600F68C22 /* PNScatterChartData.m in Sources */ = {isa = PBXBuildFile; fileRef = 207732EE1AFCEAE600F68C22 /* PNScatterChartData.m */; };
		207732FE1AFCEAE600F68C22 /* PNScatterChartDataItem.m in Sources */ = {isa = PBXBuildFile; fileRef = 207732F01AFCEAE600F68C22 /* PNScatterChartDataItem.m */; };
		207733011AFCEC2800F68C22 /* ChartViewController.m in Sources */ = {isa = PBXBuildFile; fileRef = 207733001AFCEC2800F68C22 /* ChartViewController.m */; };
		2077330A1AFCFB3900F68C22 /* UICountingLabel.m in Sources */ = {isa = PBXBuildFile; fileRef = 207733091AFCFB3900F68C22 /* UICountingLabel.m */; };
		207733121AFE37CE00F68C22 /* TFHpple.m in Sources */ = {isa = PBXBuildFile; fileRef = 2077330D1AFE37CE00F68C22 /* TFHpple.m */; };
		207733131AFE37CE00F68C22 /* TFHppleElement.m in Sources */ = {isa = PBXBuildFile; fileRef = 2077330F1AFE37CE00F68C22 /* TFHppleElement.m */; };
		207733141AFE37CE00F68C22 /* XPathQuery.m in Sources */ = {isa = PBXBuildFile; fileRef = 207733111AFE37CE00F68C22 /* XPathQuery.m */; };
		207733171AFE37FF00F68C22 /* InterestViewController.m in Sources */ = {isa = PBXBuildFile; fileRef = 207733161AFE37FF00F68C22 /* InterestViewController.m */; };
		2077331B1AFE384100F68C22 /* InterestParser.m in Sources */ = {isa = PBXBuildFile; fileRef = 2077331A1AFE384100F68C22 /* InterestParser.m */; };
		2077331D1AFE3B6E00F68C22 /* libxml2.2.dylib in Frameworks */ = {isa = PBXBuildFile; fileRef = 2077331C1AFE3B6E00F68C22 /* libxml2.2.dylib */; };
		207733211AFE3E7500F68C22 /* Interest.m in Sources */ = {isa = PBXBuildFile; fileRef = 207733201AFE3E7500F68C22 /* Interest.m */; };
		207733231AFE433200F68C22 /* gjjdkll.xml in Resources */ = {isa = PBXBuildFile; fileRef = 207733221AFE433200F68C22 /* gjjdkll.xml */; };
		207733251AFE433C00F68C22 /* sydkll.xml in Resources */ = {isa = PBXBuildFile; fileRef = 207733241AFE433C00F68C22 /* sydkll.xml */; };
		20B90FF61AFC9AAD00636D6D /* MonthCell.m in Sources */ = {isa = PBXBuildFile; fileRef = 20B90FF51AFC9AAD00636D6D /* MonthCell.m */; };
		20B90FFA1AFC9E5100636D6D /* MonthlyData+ViewModel.m in Sources */ = {isa = PBXBuildFile; fileRef = 20B90FF91AFC9E5100636D6D /* MonthlyData+ViewModel.m */; };
		20B90FFD1AFCAE3200636D6D /* MonthDatasController.m in Sources */ = {isa = PBXBuildFile; fileRef = 20B90FFC1AFCAE3200636D6D /* MonthDatasController.m */; };
		20D6F4481AFC5B3C00CF7F40 /* Loan.m in Sources */ = {isa = PBXBuildFile; fileRef = 20D6F4471AFC5B3C00CF7F40 /* Loan.m */; };
		20D6F44D1AFC636A00CF7F40 /* NSDate+Utilities.m in Sources */ = {isa = PBXBuildFile; fileRef = 20D6F44C1AFC636A00CF7F40 /* NSDate+Utilities.m */; };
/* End PBXBuildFile section */

/* Begin PBXContainerItemProxy section */
		201786391AFC4F9800BD6B30 /* PBXContainerItemProxy */ = {
			isa = PBXContainerItemProxy;
			containerPortal = 201786171AFC4F9800BD6B30 /* Project object */;
			proxyType = 1;
			remoteGlobalIDString = 2017861E1AFC4F9800BD6B30;
			remoteInfo = loadCalculator;
		};
/* End PBXContainerItemProxy section */

/* Begin PBXFileReference section */
		2017861F1AFC4F9800BD6B30 /* loadCalculator.app */ = {isa = PBXFileReference; explicitFileType = wrapper.application; includeInIndex = 0; path = loadCalculator.app; sourceTree = BUILT_PRODUCTS_DIR; };
		201786231AFC4F9800BD6B30 /* Info.plist */ = {isa = PBXFileReference; lastKnownFileType = text.plist.xml; path = Info.plist; sourceTree = "<group>"; };
		201786241AFC4F9800BD6B30 /* main.m */ = {isa = PBXFileReference; lastKnownFileType = sourcecode.c.objc; path = main.m; sourceTree = "<group>"; };
		201786261AFC4F9800BD6B30 /* AppDelegate.h */ = {isa = PBXFileReference; lastKnownFileType = sourcecode.c.h; path = AppDelegate.h; sourceTree = "<group>"; };
		201786271AFC4F9800BD6B30 /* AppDelegate.m */ = {isa = PBXFileReference; lastKnownFileType = sourcecode.c.objc; path = AppDelegate.m; sourceTree = "<group>"; };
		2017862D1AFC4F9800BD6B30 /* Base */ = {isa = PBXFileReference; lastKnownFileType = file.storyboard; name = Base; path = Base.lproj/Main.storyboard; sourceTree = "<group>"; };
		2017862F1AFC4F9800BD6B30 /* Images.xcassets */ = {isa = PBXFileReference; lastKnownFileType = folder.assetcatalog; path = Images.xcassets; sourceTree = "<group>"; };
		201786321AFC4F9800BD6B30 /* Base */ = {isa = PBXFileReference; lastKnownFileType = file.xib; name = Base; path = Base.lproj/LaunchScreen.xib; sourceTree = "<group>"; };
		201786381AFC4F9800BD6B30 /* loadCalculatorTests.xctest */ = {isa = PBXFileReference; explicitFileType = wrapper.cfbundle; includeInIndex = 0; path = loadCalculatorTests.xctest; sourceTree = BUILT_PRODUCTS_DIR; };
		2017863D1AFC4F9800BD6B30 /* Info.plist */ = {isa = PBXFileReference; lastKnownFileType = text.plist.xml; path = Info.plist; sourceTree = "<group>"; };
		2017863E1AFC4F9800BD6B30 /* loadCalculatorTests.m */ = {isa = PBXFileReference; lastKnownFileType = sourcecode.c.objc; path = loadCalculatorTests.m; sourceTree = "<group>"; };
		2037879A1AFC56860048F745 /* MonthlyData.h */ = {isa = PBXFileReference; fileEncoding = 4; lastKnownFileType = sourcecode.c.h; name = MonthlyData.h; path = ../MonthlyData.h; sourceTree = "<group>"; };
		2037879B1AFC56860048F745 /* MonthlyData.m */ = {isa = PBXFileReference; fileEncoding = 4; lastKnownFileType = sourcecode.c.objc; name = MonthlyData.m; path = ../MonthlyData.m; sourceTree = "<group>"; };
		207732D31AFCEAE600F68C22 /* PNBar.h */ = {isa = PBXFileReference; fileEncoding = 4; lastKnownFileType = sourcecode.c.h; path = PNBar.h; sourceTree = "<group>"; };
		207732D41AFCEAE600F68C22 /* PNBar.m */ = {isa = PBXFileReference; fileEncoding = 4; lastKnownFileType = sourcecode.c.objc; path = PNBar.m; sourceTree = "<group>"; };
		207732D51AFCEAE600F68C22 /* PNBarChart.h */ = {isa = PBXFileReference; fileEncoding = 4; lastKnownFileType = sourcecode.c.h; path = PNBarChart.h; sourceTree = "<group>"; };
		207732D61AFCEAE600F68C22 /* PNBarChart.m */ = {isa = PBXFileReference; fileEncoding = 4; lastKnownFileType = sourcecode.c.objc; path = PNBarChart.m; sourceTree = "<group>"; };
		207732D71AFCEAE600F68C22 /* PNChart.h */ = {isa = PBXFileReference; fileEncoding = 4; lastKnownFileType = sourcecode.c.h; path = PNChart.h; sourceTree = "<group>"; };
		207732D81AFCEAE600F68C22 /* PNChartDelegate.h */ = {isa = PBXFileReference; fileEncoding = 4; lastKnownFileType = sourcecode.c.h; path = PNChartDelegate.h; sourceTree = "<group>"; };
		207732D91AFCEAE600F68C22 /* PNChartLabel.h */ = {isa = PBXFileReference; fileEncoding = 4; lastKnownFileType = sourcecode.c.h; path = PNChartLabel.h; sourceTree = "<group>"; };
		207732DA1AFCEAE600F68C22 /* PNChartLabel.m */ = {isa = PBXFileReference; fileEncoding = 4; lastKnownFileType = sourcecode.c.objc; path = PNChartLabel.m; sourceTree = "<group>"; };
		207732DB1AFCEAE600F68C22 /* PNCircleChart.h */ = {isa = PBXFileReference; fileEncoding = 4; lastKnownFileType = sourcecode.c.h; path = PNCircleChart.h; sourceTree = "<group>"; };
		207732DC1AFCEAE600F68C22 /* PNCircleChart.m */ = {isa = PBXFileReference; fileEncoding = 4; lastKnownFileType = sourcecode.c.objc; path = PNCircleChart.m; sourceTree = "<group>"; };
		207732DD1AFCEAE600F68C22 /* PNColor.h */ = {isa = PBXFileReference; fileEncoding = 4; lastKnownFileType = sourcecode.c.h; path = PNColor.h; sourceTree = "<group>"; };
		207732DE1AFCEAE600F68C22 /* PNColor.m */ = {isa = PBXFileReference; fileEncoding = 4; lastKnownFileType = sourcecode.c.objc; path = PNColor.m; sourceTree = "<group>"; };
		207732DF1AFCEAE600F68C22 /* PNGenericChart.h */ = {isa = PBXFileReference; fileEncoding = 4; lastKnownFileType = sourcecode.c.h; path = PNGenericChart.h; sourceTree = "<group>"; };
		207732E01AFCEAE600F68C22 /* PNGenericChart.m */ = {isa = PBXFileReference; fileEncoding = 4; lastKnownFileType = sourcecode.c.objc; path = PNGenericChart.m; sourceTree = "<group>"; };
		207732E11AFCEAE600F68C22 /* PNLineChart.h */ = {isa = PBXFileReference; fileEncoding = 4; lastKnownFileType = sourcecode.c.h; path = PNLineChart.h; sourceTree = "<group>"; };
		207732E21AFCEAE600F68C22 /* PNLineChart.m */ = {isa = PBXFileReference; fileEncoding = 4; lastKnownFileType = sourcecode.c.objc; path = PNLineChart.m; sourceTree = "<group>"; };
		207732E31AFCEAE600F68C22 /* PNLineChartData.h */ = {isa = PBXFileReference; fileEncoding = 4; lastKnownFileType = sourcecode.c.h; path = PNLineChartData.h; sourceTree = "<group>"; };
		207732E41AFCEAE600F68C22 /* PNLineChartData.m */ = {isa = PBXFileReference; fileEncoding = 4; lastKnownFileType = sourcecode.c.objc; path = PNLineChartData.m; sourceTree = "<group>"; };
		207732E51AFCEAE600F68C22 /* PNLineChartDataItem.h */ = {isa = PBXFileReference; fileEncoding = 4; lastKnownFileType = sourcecode.c.h; path = PNLineChartDataItem.h; sourceTree = "<group>"; };
		207732E61AFCEAE600F68C22 /* PNLineChartDataItem.m */ = {isa = PBXFileReference; fileEncoding = 4; lastKnownFileType = sourcecode.c.objc; path = PNLineChartDataItem.m; sourceTree = "<group>"; };
		207732E71AFCEAE600F68C22 /* PNPieChart.h */ = {isa = PBXFileReference; fileEncoding = 4; lastKnownFileType = sourcecode.c.h; path = PNPieChart.h; sourceTree = "<group>"; };
		207732E81AFCEAE600F68C22 /* PNPieChart.m */ = {isa = PBXFileReference; fileEncoding = 4; lastKnownFileType = sourcecode.c.objc; path = PNPieChart.m; sourceTree = "<group>"; };
		207732E91AFCEAE600F68C22 /* PNPieChartDataItem.h */ = {isa = PBXFileReference; fileEncoding = 4; lastKnownFileType = sourcecode.c.h; path = PNPieChartDataItem.h; sourceTree = "<group>"; };
		207732EA1AFCEAE600F68C22 /* PNPieChartDataItem.m */ = {isa = PBXFileReference; fileEncoding = 4; lastKnownFileType = sourcecode.c.objc; path = PNPieChartDataItem.m; sourceTree = "<group>"; };
		207732EB1AFCEAE600F68C22 /* PNScatterChart.h */ = {isa = PBXFileReference; fileEncoding = 4; lastKnownFileType = sourcecode.c.h; path = PNScatterChart.h; sourceTree = "<group>"; };
		207732EC1AFCEAE600F68C22 /* PNScatterChart.m */ = {isa = PBXFileReference; fileEncoding = 4; lastKnownFileType = sourcecode.c.objc; path = PNScatterChart.m; sourceTree = "<group>"; };
		207732ED1AFCEAE600F68C22 /* PNScatterChartData.h */ = {isa = PBXFileReference; fileEncoding = 4; lastKnownFileType = sourcecode.c.h; path = PNScatterChartData.h; sourceTree = "<group>"; };
		207732EE1AFCEAE600F68C22 /* PNScatterChartData.m */ = {isa = PBXFileReference; fileEncoding = 4; lastKnownFileType = sourcecode.c.objc; path = PNScatterChartData.m; sourceTree = "<group>"; };
		207732EF1AFCEAE600F68C22 /* PNScatterChartDataItem.h */ = {isa = PBXFileReference; fileEncoding = 4; lastKnownFileType = sourcecode.c.h; path = PNScatterChartDataItem.h; sourceTree = "<group>"; };
		207732F01AFCEAE600F68C22 /* PNScatterChartDataItem.m */ = {isa = PBXFileReference; fileEncoding = 4; lastKnownFileType = sourcecode.c.objc; path = PNScatterChartDataItem.m; sourceTree = "<group>"; };
		207732FF1AFCEC2800F68C22 /* ChartViewController.h */ = {isa = PBXFileReference; fileEncoding = 4; lastKnownFileType = sourcecode.c.h; path = ChartViewController.h; sourceTree = "<group>"; };
		207733001AFCEC2800F68C22 /* ChartViewController.m */ = {isa = PBXFileReference; fileEncoding = 4; lastKnownFileType = sourcecode.c.objc; path = ChartViewController.m; sourceTree = "<group>"; };
		207733081AFCFB3900F68C22 /* UICountingLabel.h */ = {isa = PBXFileReference; fileEncoding = 4; lastKnownFileType = sourcecode.c.h; path = UICountingLabel.h; sourceTree = "<group>"; };
		207733091AFCFB3900F68C22 /* UICountingLabel.m */ = {isa = PBXFileReference; fileEncoding = 4; lastKnownFileType = sourcecode.c.objc; path = UICountingLabel.m; sourceTree = "<group>"; };
		2077330C1AFE37CE00F68C22 /* TFHpple.h */ = {isa = PBXFileReference; fileEncoding = 4; lastKnownFileType = sourcecode.c.h; path = TFHpple.h; sourceTree = "<group>"; };
		2077330D1AFE37CE00F68C22 /* TFHpple.m */ = {isa = PBXFileReference; fileEncoding = 4; lastKnownFileType = sourcecode.c.objc; path = TFHpple.m; sourceTree = "<group>"; };
		2077330E1AFE37CE00F68C22 /* TFHppleElement.h */ = {isa = PBXFileReference; fileEncoding = 4; lastKnownFileType = sourcecode.c.h; path = TFHppleElement.h; sourceTree = "<group>"; };
		2077330F1AFE37CE00F68C22 /* TFHppleElement.m */ = {isa = PBXFileReference; fileEncoding = 4; lastKnownFileType = sourcecode.c.objc; path = TFHppleElement.m; sourceTree = "<group>"; };
		207733101AFE37CE00F68C22 /* XPathQuery.h */ = {isa = PBXFileReference; fileEncoding = 4; lastKnownFileType = sourcecode.c.h; path = XPathQuery.h; sourceTree = "<group>"; };
		207733111AFE37CE00F68C22 /* XPathQuery.m */ = {isa = PBXFileReference; fileEncoding = 4; lastKnownFileType = sourcecode.c.objc; path = XPathQuery.m; sourceTree = "<group>"; };
		207733151AFE37FF00F68C22 /* InterestViewController.h */ = {isa = PBXFileReference; fileEncoding = 4; lastKnownFileType = sourcecode.c.h; path = InterestViewController.h; sourceTree = "<group>"; };
		207733161AFE37FF00F68C22 /* InterestViewController.m */ = {isa = PBXFileReference; fileEncoding = 4; lastKnownFileType = sourcecode.c.objc; path = InterestViewController.m; sourceTree = "<group>"; };
		207733191AFE384100F68C22 /* InterestParser.h */ = {isa = PBXFileReference; fileEncoding = 4; lastKnownFileType = sourcecode.c.h; path = InterestParser.h; sourceTree = "<group>"; };
		2077331A1AFE384100F68C22 /* InterestParser.m */ = {isa = PBXFileReference; fileEncoding = 4; lastKnownFileType = sourcecode.c.objc; path = InterestParser.m; sourceTree = "<group>"; };
		2077331C1AFE3B6E00F68C22 /* libxml2.2.dylib */ = {isa = PBXFileReference; lastKnownFileType = "compiled.mach-o.dylib"; name = libxml2.2.dylib; path = usr/lib/libxml2.2.dylib; sourceTree = SDKROOT; };
		2077331F1AFE3E7500F68C22 /* Interest.h */ = {isa = PBXFileReference; fileEncoding = 4; lastKnownFileType = sourcecode.c.h; path = Interest.h; sourceTree = "<group>"; };
		207733201AFE3E7500F68C22 /* Interest.m */ = {isa = PBXFileReference; fileEncoding = 4; lastKnownFileType = sourcecode.c.objc; path = Interest.m; sourceTree = "<group>"; };
		207733221AFE433200F68C22 /* gjjdkll.xml */ = {isa = PBXFileReference; fileEncoding = 4; lastKnownFileType = text.xml; path = gjjdkll.xml; sourceTree = "<group>"; };
		207733241AFE433C00F68C22 /* sydkll.xml */ = {isa = PBXFileReference; fileEncoding = 4; lastKnownFileType = text.xml; path = sydkll.xml; sourceTree = "<group>"; };
		20B90FF41AFC9AAC00636D6D /* MonthCell.h */ = {isa = PBXFileReference; fileEncoding = 4; lastKnownFileType = sourcecode.c.h; path = MonthCell.h; sourceTree = "<group>"; };
		20B90FF51AFC9AAD00636D6D /* MonthCell.m */ = {isa = PBXFileReference; fileEncoding = 4; lastKnownFileType = sourcecode.c.objc; path = MonthCell.m; sourceTree = "<group>"; };
		20B90FF81AFC9E5100636D6D /* MonthlyData+ViewModel.h */ = {isa = PBXFileReference; fileEncoding = 4; lastKnownFileType = sourcecode.c.h; path = "MonthlyData+ViewModel.h"; sourceTree = "<group>"; };
		20B90FF91AFC9E5100636D6D /* MonthlyData+ViewModel.m */ = {isa = PBXFileReference; fileEncoding = 4; lastKnownFileType = sourcecode.c.objc; path = "MonthlyData+ViewModel.m"; sourceTree = "<group>"; };
		20B90FFB1AFCAE3200636D6D /* MonthDatasController.h */ = {isa = PBXFileReference; fileEncoding = 4; lastKnownFileType = sourcecode.c.h; path = MonthDatasController.h; sourceTree = "<group>"; };
		20B90FFC1AFCAE3200636D6D /* MonthDatasController.m */ = {isa = PBXFileReference; fileEncoding = 4; lastKnownFileType = sourcecode.c.objc; path = MonthDatasController.m; sourceTree = "<group>"; };
		20D6F4451AFC577300CF7F40 /* LoadCalculatorPrefixHeader.pch */ = {isa = PBXFileReference; lastKnownFileType = sourcecode.c.h; path = LoadCalculatorPrefixHeader.pch; sourceTree = "<group>"; };
		20D6F4461AFC5B3C00CF7F40 /* Loan.h */ = {isa = PBXFileReference; fileEncoding = 4; lastKnownFileType = sourcecode.c.h; name = Loan.h; path = ../Loan.h; sourceTree = "<group>"; };
		20D6F4471AFC5B3C00CF7F40 /* Loan.m */ = {isa = PBXFileReference; fileEncoding = 4; lastKnownFileType = sourcecode.c.objc; name = Loan.m; path = ../Loan.m; sourceTree = "<group>"; };
		20D6F44B1AFC636A00CF7F40 /* NSDate+Utilities.h */ = {isa = PBXFileReference; fileEncoding = 4; lastKnownFileType = sourcecode.c.h; path = "NSDate+Utilities.h"; sourceTree = "<group>"; };
		20D6F44C1AFC636A00CF7F40 /* NSDate+Utilities.m */ = {isa = PBXFileReference; fileEncoding = 4; lastKnownFileType = sourcecode.c.objc; path = "NSDate+Utilities.m"; sourceTree = "<group>"; };
		20D6F44E1AFC658E00CF7F40 /* Macros.h */ = {isa = PBXFileReference; lastKnownFileType = sourcecode.c.h; path = Macros.h; sourceTree = "<group>"; };
/* End PBXFileReference section */

/* Begin PBXFrameworksBuildPhase section */
		2017861C1AFC4F9800BD6B30 /* Frameworks */ = {
			isa = PBXFrameworksBuildPhase;
			buildActionMask = 2147483647;
			files = (
				2077331D1AFE3B6E00F68C22 /* libxml2.2.dylib in Frameworks */,
			);
			runOnlyForDeploymentPostprocessing = 0;
		};
		201786351AFC4F9800BD6B30 /* Frameworks */ = {
			isa = PBXFrameworksBuildPhase;
			buildActionMask = 2147483647;
			files = (
			);
			runOnlyForDeploymentPostprocessing = 0;
		};
/* End PBXFrameworksBuildPhase section */

/* Begin PBXGroup section */
		201786161AFC4F9800BD6B30 = {
			isa = PBXGroup;
			children = (
				201786211AFC4F9800BD6B30 /* loadCalculator */,
				2017863B1AFC4F9800BD6B30 /* loadCalculatorTests */,
				201786201AFC4F9800BD6B30 /* Products */,
			);
			sourceTree = "<group>";
		};
		201786201AFC4F9800BD6B30 /* Products */ = {
			isa = PBXGroup;
			children = (
				2017861F1AFC4F9800BD6B30 /* loadCalculator.app */,
				201786381AFC4F9800BD6B30 /* loadCalculatorTests.xctest */,
			);
			name = Products;
			sourceTree = "<group>";
		};
		201786211AFC4F9800BD6B30 /* loadCalculator */ = {
			isa = PBXGroup;
			children = (
				2077331E1AFE3B8300F68C22 /* FrameWorks */,
				20B3DD5C1AFC53A8009D98B9 /* Application */,
				20B3DD5D1AFC53A8009D98B9 /* Controllers */,
				20B3DD5E1AFC53A8009D98B9 /* Models */,
				20B3DD5F1AFC53A8009D98B9 /* Resources */,
				20D6F44A1AFC635A00CF7F40 /* Utils */,
				20B3DD601AFC53A8009D98B9 /* Vendors */,
				20B90FF71AFC9E1B00636D6D /* ViewModels */,
				20B3DD611AFC53A8009D98B9 /* Views */,
			);
			path = loadCalculator;
			sourceTree = "<group>";
		};
		2017863B1AFC4F9800BD6B30 /* loadCalculatorTests */ = {
			isa = PBXGroup;
			children = (
				2017863E1AFC4F9800BD6B30 /* loadCalculatorTests.m */,
				2017863D1AFC4F9800BD6B30 /* Info.plist */,
			);
			path = loadCalculatorTests;
			sourceTree = "<group>";
		};
		207732D21AFCEAE600F68C22 /* PNChart */ = {
			isa = PBXGroup;
			children = (
				207732D31AFCEAE600F68C22 /* PNBar.h */,
				207732D41AFCEAE600F68C22 /* PNBar.m */,
				207732D51AFCEAE600F68C22 /* PNBarChart.h */,
				207732D61AFCEAE600F68C22 /* PNBarChart.m */,
				207732D71AFCEAE600F68C22 /* PNChart.h */,
				207732D81AFCEAE600F68C22 /* PNChartDelegate.h */,
				207732D91AFCEAE600F68C22 /* PNChartLabel.h */,
				207732DA1AFCEAE600F68C22 /* PNChartLabel.m */,
				207732DB1AFCEAE600F68C22 /* PNCircleChart.h */,
				207732DC1AFCEAE600F68C22 /* PNCircleChart.m */,
				207732DD1AFCEAE600F68C22 /* PNColor.h */,
				207732DE1AFCEAE600F68C22 /* PNColor.m */,
				207732DF1AFCEAE600F68C22 /* PNGenericChart.h */,
				207732E01AFCEAE600F68C22 /* PNGenericChart.m */,
				207732E11AFCEAE600F68C22 /* PNLineChart.h */,
				207732E21AFCEAE600F68C22 /* PNLineChart.m */,
				207732E31AFCEAE600F68C22 /* PNLineChartData.h */,
				207732E41AFCEAE600F68C22 /* PNLineChartData.m */,
				207732E51AFCEAE600F68C22 /* PNLineChartDataItem.h */,
				207732E61AFCEAE600F68C22 /* PNLineChartDataItem.m */,
				207732E71AFCEAE600F68C22 /* PNPieChart.h */,
				207732E81AFCEAE600F68C22 /* PNPieChart.m */,
				207732E91AFCEAE600F68C22 /* PNPieChartDataItem.h */,
				207732EA1AFCEAE600F68C22 /* PNPieChartDataItem.m */,
				207732EB1AFCEAE600F68C22 /* PNScatterChart.h */,
				207732EC1AFCEAE600F68C22 /* PNScatterChart.m */,
				207732ED1AFCEAE600F68C22 /* PNScatterChartData.h */,
				207732EE1AFCEAE600F68C22 /* PNScatterChartData.m */,
				207732EF1AFCEAE600F68C22 /* PNScatterChartDataItem.h */,
				207732F01AFCEAE600F68C22 /* PNScatterChartDataItem.m */,
			);
			path = PNChart;
			sourceTree = "<group>";
		};
		207733071AFCFB3900F68C22 /* UICountingLabel */ = {
			isa = PBXGroup;
			children = (
				207733081AFCFB3900F68C22 /* UICountingLabel.h */,
				207733091AFCFB3900F68C22 /* UICountingLabel.m */,
			);
			path = UICountingLabel;
			sourceTree = "<group>";
		};
		2077330B1AFE37CE00F68C22 /* TFHpple */ = {
			isa = PBXGroup;
			children = (
				2077330C1AFE37CE00F68C22 /* TFHpple.h */,
				2077330D1AFE37CE00F68C22 /* TFHpple.m */,
				2077330E1AFE37CE00F68C22 /* TFHppleElement.h */,
				2077330F1AFE37CE00F68C22 /* TFHppleElement.m */,
				207733101AFE37CE00F68C22 /* XPathQuery.h */,
				207733111AFE37CE00F68C22 /* XPathQuery.m */,
			);
			path = TFHpple;
			sourceTree = "<group>";
		};
		207733181AFE381200F68C22 /* DataObjects */ = {
			isa = PBXGroup;
			children = (
				2037879A1AFC56860048F745 /* MonthlyData.h */,
				2037879B1AFC56860048F745 /* MonthlyData.m */,
				20D6F4461AFC5B3C00CF7F40 /* Loan.h */,
				20D6F4471AFC5B3C00CF7F40 /* Loan.m */,
				2077331F1AFE3E7500F68C22 /* Interest.h */,
				207733201AFE3E7500F68C22 /* Interest.m */,
			);
			path = DataObjects;
			sourceTree = "<group>";
		};
		2077331E1AFE3B8300F68C22 /* FrameWorks */ = {
			isa = PBXGroup;
			children = (
				2077331C1AFE3B6E00F68C22 /* libxml2.2.dylib */,
			);
			name = FrameWorks;
			sourceTree = "<group>";
		};
		2077332B1AFE4DBA00F68C22 /* Agent */ = {
			isa = PBXGroup;
			children = (
			);
			path = Agent;
			sourceTree = "<group>";
		};
		20B3DD5C1AFC53A8009D98B9 /* Application */ = {
			isa = PBXGroup;
			children = (
				201786261AFC4F9800BD6B30 /* AppDelegate.h */,
				201786271AFC4F9800BD6B30 /* AppDelegate.m */,
				201786231AFC4F9800BD6B30 /* Info.plist */,
				201786241AFC4F9800BD6B30 /* main.m */,
				20D6F4451AFC577300CF7F40 /* LoadCalculatorPrefixHeader.pch */,
			);
			path = Application;
			sourceTree = "<group>";
		};
		20B3DD5D1AFC53A8009D98B9 /* Controllers */ = {
			isa = PBXGroup;
			children = (
				20B90FFB1AFCAE3200636D6D /* MonthDatasController.h */,
				20B90FFC1AFCAE3200636D6D /* MonthDatasController.m */,
				207732FF1AFCEC2800F68C22 /* ChartViewController.h */,
				207733001AFCEC2800F68C22 /* ChartViewController.m */,
				207733151AFE37FF00F68C22 /* InterestViewController.h */,
				207733161AFE37FF00F68C22 /* InterestViewController.m */,
			);
			path = Controllers;
			sourceTree = "<group>";
		};
		20B3DD5E1AFC53A8009D98B9 /* Models */ = {
			isa = PBXGroup;
			children = (
				2077332B1AFE4DBA00F68C22 /* Agent */,
				207733181AFE381200F68C22 /* DataObjects */,
				207733191AFE384100F68C22 /* InterestParser.h */,
				2077331A1AFE384100F68C22 /* InterestParser.m */,
			);
			path = Models;
			sourceTree = "<group>";
		};
		20B3DD5F1AFC53A8009D98B9 /* Resources */ = {
			isa = PBXGroup;
			children = (
				2017862C1AFC4F9800BD6B30 /* Main.storyboard */,
				207733221AFE433200F68C22 /* gjjdkll.xml */,
				207733241AFE433C00F68C22 /* sydkll.xml */,
				2017862F1AFC4F9800BD6B30 /* Images.xcassets */,
				201786311AFC4F9800BD6B30 /* LaunchScreen.xib */,
			);
			path = Resources;
			sourceTree = "<group>";
		};
		20B3DD601AFC53A8009D98B9 /* Vendors */ = {
			isa = PBXGroup;
			children = (
				2077330B1AFE37CE00F68C22 /* TFHpple */,
				207733071AFCFB3900F68C22 /* UICountingLabel */,
				207732D21AFCEAE600F68C22 /* PNChart */,
			);
			path = Vendors;
			sourceTree = "<group>";
		};
		20B3DD611AFC53A8009D98B9 /* Views */ = {
			isa = PBXGroup;
			children = (
				20B90FF41AFC9AAC00636D6D /* MonthCell.h */,
				20B90FF51AFC9AAD00636D6D /* MonthCell.m */,
			);
			path = Views;
			sourceTree = "<group>";
		};
		20B90FF71AFC9E1B00636D6D /* ViewModels */ = {
			isa = PBXGroup;
			children = (
				20B90FF81AFC9E5100636D6D /* MonthlyData+ViewModel.h */,
				20B90FF91AFC9E5100636D6D /* MonthlyData+ViewModel.m */,
			);
			path = ViewModels;
			sourceTree = "<group>";
		};
		20D6F44A1AFC635A00CF7F40 /* Utils */ = {
			isa = PBXGroup;
			children = (
				20D6F44B1AFC636A00CF7F40 /* NSDate+Utilities.h */,
				20D6F44C1AFC636A00CF7F40 /* NSDate+Utilities.m */,
				20D6F44E1AFC658E00CF7F40 /* Macros.h */,
			);
			path = Utils;
			sourceTree = "<group>";
		};
/* End PBXGroup section */

/* Begin PBXNativeTarget section */
		2017861E1AFC4F9800BD6B30 /* loadCalculator */ = {
			isa = PBXNativeTarget;
			buildConfigurationList = 201786421AFC4F9800BD6B30 /* Build configuration list for PBXNativeTarget "loadCalculator" */;
			buildPhases = (
				2017861B1AFC4F9800BD6B30 /* Sources */,
				2017861C1AFC4F9800BD6B30 /* Frameworks */,
				2017861D1AFC4F9800BD6B30 /* Resources */,
			);
			buildRules = (
			);
			dependencies = (
			);
			name = loadCalculator;
			productName = loadCalculator;
			productReference = 2017861F1AFC4F9800BD6B30 /* loadCalculator.app */;
			productType = "com.apple.product-type.application";
		};
		201786371AFC4F9800BD6B30 /* loadCalculatorTests */ = {
			isa = PBXNativeTarget;
			buildConfigurationList = 201786451AFC4F9800BD6B30 /* Build configuration list for PBXNativeTarget "loadCalculatorTests" */;
			buildPhases = (
				201786341AFC4F9800BD6B30 /* Sources */,
				201786351AFC4F9800BD6B30 /* Frameworks */,
				201786361AFC4F9800BD6B30 /* Resources */,
			);
			buildRules = (
			);
			dependencies = (
				2017863A1AFC4F9800BD6B30 /* PBXTargetDependency */,
			);
			name = loadCalculatorTests;
			productName = loadCalculatorTests;
			productReference = 201786381AFC4F9800BD6B30 /* loadCalculatorTests.xctest */;
			productType = "com.apple.product-type.bundle.unit-test";
		};
/* End PBXNativeTarget section */

/* Begin PBXProject section */
		201786171AFC4F9800BD6B30 /* Project object */ = {
			isa = PBXProject;
			attributes = {
				LastUpgradeCheck = 0630;
				ORGANIZATIONNAME = maojjdev;
				TargetAttributes = {
					2017861E1AFC4F9800BD6B30 = {
						CreatedOnToolsVersion = 6.3.1;
					};
					201786371AFC4F9800BD6B30 = {
						CreatedOnToolsVersion = 6.3.1;
						TestTargetID = 2017861E1AFC4F9800BD6B30;
					};
				};
			};
			buildConfigurationList = 2017861A1AFC4F9800BD6B30 /* Build configuration list for PBXProject "loadCalculator" */;
			compatibilityVersion = "Xcode 3.2";
			developmentRegion = English;
			hasScannedForEncodings = 0;
			knownRegions = (
				en,
				Base,
			);
			mainGroup = 201786161AFC4F9800BD6B30;
			productRefGroup = 201786201AFC4F9800BD6B30 /* Products */;
			projectDirPath = "";
			projectRoot = "";
			targets = (
				2017861E1AFC4F9800BD6B30 /* loadCalculator */,
				201786371AFC4F9800BD6B30 /* loadCalculatorTests */,
			);
		};
/* End PBXProject section */

/* Begin PBXResourcesBuildPhase section */
		2017861D1AFC4F9800BD6B30 /* Resources */ = {
			isa = PBXResourcesBuildPhase;
			buildActionMask = 2147483647;
			files = (
				207733231AFE433200F68C22 /* gjjdkll.xml in Resources */,
				2017862E1AFC4F9800BD6B30 /* Main.storyboard in Resources */,
				207733251AFE433C00F68C22 /* sydkll.xml in Resources */,
				201786331AFC4F9800BD6B30 /* LaunchScreen.xib in Resources */,
				201786301AFC4F9800BD6B30 /* Images.xcassets in Resources */,
			);
			runOnlyForDeploymentPostprocessing = 0;
		};
		201786361AFC4F9800BD6B30 /* Resources */ = {
			isa = PBXResourcesBuildPhase;
			buildActionMask = 2147483647;
			files = (
			);
			runOnlyForDeploymentPostprocessing = 0;
		};
/* End PBXResourcesBuildPhase section */

/* Begin PBXSourcesBuildPhase section */
		2017861B1AFC4F9800BD6B30 /* Sources */ = {
			isa = PBXSourcesBuildPhase;
			buildActionMask = 2147483647;
			files = (
				207732F71AFCEAE600F68C22 /* PNLineChart.m in Sources */,
				207732FD1AFCEAE600F68C22 /* PNScatterChartData.m in Sources */,
				20D6F4481AFC5B3C00CF7F40 /* Loan.m in Sources */,
				20D6F44D1AFC636A00CF7F40 /* NSDate+Utilities.m in Sources */,
				2037879C1AFC56860048F745 /* MonthlyData.m in Sources */,
				207733121AFE37CE00F68C22 /* TFHpple.m in Sources */,
				207732FC1AFCEAE600F68C22 /* PNScatterChart.m in Sources */,
				201786281AFC4F9800BD6B30 /* AppDelegate.m in Sources */,
				207733171AFE37FF00F68C22 /* InterestViewController.m in Sources */,
				207732F11AFCEAE600F68C22 /* PNBar.m in Sources */,
				207732FA1AFCEAE600F68C22 /* PNPieChart.m in Sources */,
				207732FE1AFCEAE600F68C22 /* PNScatterChartDataItem.m in Sources */,
				207732F81AFCEAE600F68C22 /* PNLineChartData.m in Sources */,
				2077330A1AFCFB3900F68C22 /* UICountingLabel.m in Sources */,
				207733141AFE37CE00F68C22 /* XPathQuery.m in Sources */,
				20B90FF61AFC9AAD00636D6D /* MonthCell.m in Sources */,
				207732F51AFCEAE600F68C22 /* PNColor.m in Sources */,
				207733211AFE3E7500F68C22 /* Interest.m in Sources */,
				207733011AFCEC2800F68C22 /* ChartViewController.m in Sources */,
				207733131AFE37CE00F68C22 /* TFHppleElement.m in Sources */,
				207732F21AFCEAE600F68C22 /* PNBarChart.m in Sources */,
				20B90FFA1AFC9E5100636D6D /* MonthlyData+ViewModel.m in Sources */,
				207732F41AFCEAE600F68C22 /* PNCircleChart.m in Sources */,
				207732F61AFCEAE600F68C22 /* PNGenericChart.m in Sources */,
				207732F31AFCEAE600F68C22 /* PNChartLabel.m in Sources */,
				2077331B1AFE384100F68C22 /* InterestParser.m in Sources */,
				201786251AFC4F9800BD6B30 /* main.m in Sources */,
				20B90FFD1AFCAE3200636D6D /* MonthDatasController.m in Sources */,
				207732FB1AFCEAE600F68C22 /* PNPieChartDataItem.m in Sources */,
				207732F91AFCEAE600F68C22 /* PNLineChartDataItem.m in Sources */,
			);
			runOnlyForDeploymentPostprocessing = 0;
		};
		201786341AFC4F9800BD6B30 /* Sources */ = {
			isa = PBXSourcesBuildPhase;
			buildActionMask = 2147483647;
			files = (
				2017863F1AFC4F9800BD6B30 /* loadCalculatorTests.m in Sources */,
			);
			runOnlyForDeploymentPostprocessing = 0;
		};
/* End PBXSourcesBuildPhase section */

/* Begin PBXTargetDependency section */
		2017863A1AFC4F9800BD6B30 /* PBXTargetDependency */ = {
			isa = PBXTargetDependency;
			target = 2017861E1AFC4F9800BD6B30 /* loadCalculator */;
			targetProxy = 201786391AFC4F9800BD6B30 /* PBXContainerItemProxy */;
		};
/* End PBXTargetDependency section */

/* Begin PBXVariantGroup section */
		2017862C1AFC4F9800BD6B30 /* Main.storyboard */ = {
			isa = PBXVariantGroup;
			children = (
				2017862D1AFC4F9800BD6B30 /* Base */,
			);
			name = Main.storyboard;
			path = .;
			sourceTree = "<group>";
		};
		201786311AFC4F9800BD6B30 /* LaunchScreen.xib */ = {
			isa = PBXVariantGroup;
			children = (
				201786321AFC4F9800BD6B30 /* Base */,
			);
			name = LaunchScreen.xib;
			path = .;
			sourceTree = "<group>";
		};
/* End PBXVariantGroup section */

/* Begin XCBuildConfiguration section */
		201786401AFC4F9800BD6B30 /* Debug */ = {
			isa = XCBuildConfiguration;
			buildSettings = {
				ALWAYS_SEARCH_USER_PATHS = NO;
				CLANG_CXX_LANGUAGE_STANDARD = "gnu++0x";
				CLANG_CXX_LIBRARY = "libc++";
				CLANG_ENABLE_MODULES = YES;
				CLANG_ENABLE_OBJC_ARC = YES;
				CLANG_WARN_BOOL_CONVERSION = YES;
				CLANG_WARN_CONSTANT_CONVERSION = YES;
				CLANG_WARN_DIRECT_OBJC_ISA_USAGE = YES_ERROR;
				CLANG_WARN_EMPTY_BODY = YES;
				CLANG_WARN_ENUM_CONVERSION = YES;
				CLANG_WARN_INT_CONVERSION = YES;
				CLANG_WARN_OBJC_ROOT_CLASS = YES_ERROR;
				CLANG_WARN_UNREACHABLE_CODE = YES;
				CLANG_WARN__DUPLICATE_METHOD_MATCH = YES;
				"CODE_SIGN_IDENTITY[sdk=iphoneos*]" = "iPhone Developer";
				COPY_PHASE_STRIP = NO;
				DEBUG_INFORMATION_FORMAT = "dwarf-with-dsym";
				ENABLE_STRICT_OBJC_MSGSEND = YES;
				GCC_C_LANGUAGE_STANDARD = gnu99;
				GCC_DYNAMIC_NO_PIC = NO;
				GCC_NO_COMMON_BLOCKS = YES;
				GCC_OPTIMIZATION_LEVEL = 0;
				GCC_PREPROCESSOR_DEFINITIONS = (
					"DEBUG=1",
					"$(inherited)",
				);
				GCC_SYMBOLS_PRIVATE_EXTERN = NO;
				GCC_WARN_64_TO_32_BIT_CONVERSION = YES;
				GCC_WARN_ABOUT_RETURN_TYPE = YES_ERROR;
				GCC_WARN_UNDECLARED_SELECTOR = YES;
				GCC_WARN_UNINITIALIZED_AUTOS = YES_AGGRESSIVE;
				GCC_WARN_UNUSED_FUNCTION = YES;
				GCC_WARN_UNUSED_VARIABLE = YES;
				IPHONEOS_DEPLOYMENT_TARGET = 8.3;
				MTL_ENABLE_DEBUG_INFO = YES;
				ONLY_ACTIVE_ARCH = YES;
				SDKROOT = iphoneos;
				TARGETED_DEVICE_FAMILY = "1,2";
			};
			name = Debug;
		};
		201786411AFC4F9800BD6B30 /* Release */ = {
			isa = XCBuildConfiguration;
			buildSettings = {
				ALWAYS_SEARCH_USER_PATHS = NO;
				CLANG_CXX_LANGUAGE_STANDARD = "gnu++0x";
				CLANG_CXX_LIBRARY = "libc++";
				CLANG_ENABLE_MODULES = YES;
				CLANG_ENABLE_OBJC_ARC = YES;
				CLANG_WARN_BOOL_CONVERSION = YES;
				CLANG_WARN_CONSTANT_CONVERSION = YES;
				CLANG_WARN_DIRECT_OBJC_ISA_USAGE = YES_ERROR;
				CLANG_WARN_EMPTY_BODY = YES;
				CLANG_WARN_ENUM_CONVERSION = YES;
				CLANG_WARN_INT_CONVERSION = YES;
				CLANG_WARN_OBJC_ROOT_CLASS = YES_ERROR;
				CLANG_WARN_UNREACHABLE_CODE = YES;
				CLANG_WARN__DUPLICATE_METHOD_MATCH = YES;
				"CODE_SIGN_IDENTITY[sdk=iphoneos*]" = "iPhone Developer";
				COPY_PHASE_STRIP = NO;
				DEBUG_INFORMATION_FORMAT = "dwarf-with-dsym";
				ENABLE_NS_ASSERTIONS = NO;
				ENABLE_STRICT_OBJC_MSGSEND = YES;
				GCC_C_LANGUAGE_STANDARD = gnu99;
				GCC_NO_COMMON_BLOCKS = YES;
				GCC_WARN_64_TO_32_BIT_CONVERSION = YES;
				GCC_WARN_ABOUT_RETURN_TYPE = YES_ERROR;
				GCC_WARN_UNDECLARED_SELECTOR = YES;
				GCC_WARN_UNINITIALIZED_AUTOS = YES_AGGRESSIVE;
				GCC_WARN_UNUSED_FUNCTION = YES;
				GCC_WARN_UNUSED_VARIABLE = YES;
				IPHONEOS_DEPLOYMENT_TARGET = 8.3;
				MTL_ENABLE_DEBUG_INFO = NO;
				SDKROOT = iphoneos;
				TARGETED_DEVICE_FAMILY = "1,2";
				VALIDATE_PRODUCT = YES;
			};
			name = Release;
		};
		201786431AFC4F9800BD6B30 /* Debug */ = {
			isa = XCBuildConfiguration;
			buildSettings = {
				ASSETCATALOG_COMPILER_APPICON_NAME = AppIcon;
				GCC_PREFIX_HEADER = loadCalculator/Application/LoadCalculatorPrefixHeader.pch;
				HEADER_SEARCH_PATHS = (
					"$(inherited)",
					/Applications/Xcode.app/Contents/Developer/Toolchains/XcodeDefault.xctoolchain/usr/include,
					"$(PROJECT_DIR)/loadCalculator/Vendors/",
					"$(SDKROOT)/usr/include/libxml2",
				);
				INFOPLIST_FILE = loadCalculator/Application/Info.plist;
				LD_RUNPATH_SEARCH_PATHS = "$(inherited) @executable_path/Frameworks";
				LIBRARY_SEARCH_PATHS = "";
				PRODUCT_NAME = "$(TARGET_NAME)";
			};
			name = Debug;
		};
		201786441AFC4F9800BD6B30 /* Release */ = {
			isa = XCBuildConfiguration;
			buildSettings = {
				ASSETCATALOG_COMPILER_APPICON_NAME = AppIcon;
				GCC_PREFIX_HEADER = loadCalculator/Application/LoadCalculatorPrefixHeader.pch;
				HEADER_SEARCH_PATHS = (
					"$(inherited)",
					/Applications/Xcode.app/Contents/Developer/Toolchains/XcodeDefault.xctoolchain/usr/include,
					"$(PROJECT_DIR)/loadCalculator/Vendors/",
					"$(SDKROOT)/usr/include/libxml2",
				);
				INFOPLIST_FILE = loadCalculator/Application/Info.plist;
				LD_RUNPATH_SEARCH_PATHS = "$(inherited) @executable_path/Frameworks";
				LIBRARY_SEARCH_PATHS = "";
				PRODUCT_NAME = "$(TARGET_NAME)";
			};
			name = Release;
		};
		201786461AFC4F9800BD6B30 /* Debug */ = {
			isa = XCBuildConfiguration;
			buildSettings = {
				BUNDLE_LOADER = "$(TEST_HOST)";
				FRAMEWORK_SEARCH_PATHS = (
					"$(SDKROOT)/Developer/Library/Frameworks",
					"$(inherited)",
				);
				GCC_PREPROCESSOR_DEFINITIONS = (
					"DEBUG=1",
					"$(inherited)",
				);
				INFOPLIST_FILE = loadCalculatorTests/Info.plist;
				LD_RUNPATH_SEARCH_PATHS = "$(inherited) @executable_path/Frameworks @loader_path/Frameworks";
				PRODUCT_NAME = "$(TARGET_NAME)";
				TEST_HOST = "$(BUILT_PRODUCTS_DIR)/loadCalculator.app/loadCalculator";
			};
			name = Debug;
		};
		201786471AFC4F9800BD6B30 /* Release */ = {
			isa = XCBuildConfiguration;
			buildSettings = {
				BUNDLE_LOADER = "$(TEST_HOST)";
				FRAMEWORK_SEARCH_PATHS = (
					"$(SDKROOT)/Developer/Library/Frameworks",
					"$(inherited)",
				);
				INFOPLIST_FILE = loadCalculatorTests/Info.plist;
				LD_RUNPATH_SEARCH_PATHS = "$(inherited) @executable_path/Frameworks @loader_path/Frameworks";
				PRODUCT_NAME = "$(TARGET_NAME)";
				TEST_HOST = "$(BUILT_PRODUCTS_DIR)/loadCalculator.app/loadCalculator";
			};
			name = Release;
		};
/* End XCBuildConfiguration section */

/* Begin XCConfigurationList section */
		2017861A1AFC4F9800BD6B30 /* Build configuration list for PBXProject "loadCalculator" */ = {
			isa = XCConfigurationList;
			buildConfigurations = (
				201786401AFC4F9800BD6B30 /* Debug */,
				201786411AFC4F9800BD6B30 /* Release */,
			);
			defaultConfigurationIsVisible = 0;
			defaultConfigurationName = Release;
		};
		201786421AFC4F9800BD6B30 /* Build configuration list for PBXNativeTarget "loadCalculator" */ = {
			isa = XCConfigurationList;
			buildConfigurations = (
				201786431AFC4F9800BD6B30 /* Debug */,
				201786441AFC4F9800BD6B30 /* Release */,
			);
			defaultConfigurationIsVisible = 0;
			defaultConfigurationName = Release;
		};
		201786451AFC4F9800BD6B30 /* Build configuration list for PBXNativeTarget "loadCalculatorTests" */ = {
			isa = XCConfigurationList;
			buildConfigurations = (
				201786461AFC4F9800BD6B30 /* Debug */,
				201786471AFC4F9800BD6B30 /* Release */,
			);
			defaultConfigurationIsVisible = 0;
			defaultConfigurationName = Release;
		};
/* End XCConfigurationList section */
	};
	rootObject = 201786171AFC4F9800BD6B30 /* Project object */;
}
